{
    "name": "homey-switcher",
    "version": "1.0.0",
    "lockfileVersion": 2,
    "requires": true,
    "packages": {
        "": {
            "name": "homey-switcher",
            "version": "1.0.0",
            "dependencies": {
                "switcher-js2": "^1.5.5"
            },
            "devDependencies": {
                "@tsconfig/node12": "^1.0.11",
                "@types/homey": "npm:homey-apps-sdk-v3-types@^0.3.4",
                "@types/node": "^18.15.0",
                "typescript": "^4.9.5"
            }
        },
        "node_modules/@tsconfig/node12": {
            "version": "1.0.11",
            "resolved": "https://registry.npmjs.org/@tsconfig/node12/-/node12-1.0.11.tgz",
            "integrity": "sha512-cqefuRsh12pWyGsIoBKJA9luFu3mRxCA+ORZvA4ktLSzIuCUtWVxGIuXigEwO5/ywWFMZ2QEGKWvkZG1zDMTag==",
            "dev": true
        },
        "node_modules/@types/homey": {
            "name": "homey-apps-sdk-v3-types",
            "version": "0.3.4",
            "resolved": "https://registry.npmjs.org/homey-apps-sdk-v3-types/-/homey-apps-sdk-v3-types-0.3.4.tgz",
            "integrity": "sha512-daGWdd/uVZWvsy33RY2ljgeTrZWREaVG0J7cYRMJMqzfUMeey8A+8QryBcySwuc84DG1lP1kSTP3fFCe/CeRZA==",
            "dev": true,
            "dependencies": {
                "@types/node": "^14.14.20"
            }
        },
        "node_modules/@types/homey/node_modules/@types/node": {
            "version": "14.18.48",
            "resolved": "https://registry.npmjs.org/@types/node/-/node-14.18.48.tgz",
            "integrity": "sha512-iL0PIMwejpmuVHgfibHpfDwOdsbmB50wr21X71VnF5d7SsBF7WK+ZvP/SCcFm7Iwb9iiYSap9rlrdhToNAWdxg==",
            "dev": true
        },
        "node_modules/@types/node": {
            "version": "18.16.16",
            "resolved": "https://registry.npmjs.org/@types/node/-/node-18.16.16.tgz",
            "integrity": "sha512-NpaM49IGQQAUlBhHMF82QH80J08os4ZmyF9MkpCzWAGuOHqE4gTEbhzd7L3l5LmWuZ6E0OiC1FweQ4tsiW35+g==",
            "dev": true
        },
        "node_modules/adm-zip": {
            "version": "0.5.10",
            "resolved": "https://registry.npmjs.org/adm-zip/-/adm-zip-0.5.10.tgz",
            "integrity": "sha512-x0HvcHqVJNTPk/Bw8JbLWlWoo6Wwnsug0fnYYro1HBrjxZ3G7/AZk7Ahv8JwDe1uIcz8eBqvu86FuF1POiG7vQ==",
            "engines": {
                "node": ">=6.0"
            }
        },
        "node_modules/long": {
            "version": "4.0.0",
            "resolved": "https://registry.npmjs.org/long/-/long-4.0.0.tgz",
            "integrity": "sha512-XsP+KhQif4bjX1kbuSiySJFNAehNxgLb6hPRGJ9QsUr8ajHkuXGdrHmFUTUUXhDwVX2R5bY4JNZEwbUiMhV+MA=="
        },
        "node_modules/python-struct": {
            "version": "1.1.3",
            "resolved": "https://registry.npmjs.org/python-struct/-/python-struct-1.1.3.tgz",
            "integrity": "sha512-UsI/mNvk25jRpGKYI38Nfbv84z48oiIWwG67DLVvjRhy8B/0aIK+5Ju5WOHgw/o9rnEmbAS00v4rgKFQeC332Q==",
            "dependencies": {
                "long": "^4.0.0"
            }
        },
        "node_modules/switcher-js2": {
            "version": "1.6.3",
            "resolved": "https://registry.npmjs.org/switcher-js2/-/switcher-js2-1.6.3.tgz",
            "integrity": "sha512-9kUBtGgiDlhleUgPFtJ0f4hR60V7Sk7FGqCHWVy6UxHc3TOnUmAnM01xwM6g+apsXHYl5cHLNi59RD/BQL1hNw==",
            "dependencies": {
                "adm-zip": "^0.5.9",
                "python-struct": "^1.1.2"
            }
        },
        "node_modules/typescript": {
            "version": "4.9.5",
            "resolved": "https://registry.npmjs.org/typescript/-/typescript-4.9.5.tgz",
            "integrity": "sha512-1FXk9E2Hm+QzZQ7z+McJiHL4NW1F2EzMu9Nq9i3zAaGqibafqYwCVU6WyWAuyQRRzOlxou8xZSyXLEN8oKj24g==",
            "dev": true,
            "bin": {
                "tsc": "bin/tsc",
                "tsserver": "bin/tsserver"
            },
            "engines": {
                "node": ">=4.2.0"
            }
        }
    },
    "dependencies": {
        "@tsconfig/node12": {
            "version": "1.0.11",
            "resolved": "https://registry.npmjs.org/@tsconfig/node12/-/node12-1.0.11.tgz",
            "integrity": "sha512-cqefuRsh12pWyGsIoBKJA9luFu3mRxCA+ORZvA4ktLSzIuCUtWVxGIuXigEwO5/ywWFMZ2QEGKWvkZG1zDMTag==",
            "dev": true
        },
        "@types/homey": {
            "version": "npm:homey-apps-sdk-v3-types@0.3.4",
            "resolved": "https://registry.npmjs.org/homey-apps-sdk-v3-types/-/homey-apps-sdk-v3-types-0.3.4.tgz",
            "integrity": "sha512-daGWdd/uVZWvsy33RY2ljgeTrZWREaVG0J7cYRMJMqzfUMeey8A+8QryBcySwuc84DG1lP1kSTP3fFCe/CeRZA==",
            "dev": true,
            "requires": {
                "@types/node": "^14.14.20"
            },
            "dependencies": {
                "@types/node": {
                    "version": "14.18.48",
                    "resolved": "https://registry.npmjs.org/@types/node/-/node-14.18.48.tgz",
                    "integrity": "sha512-iL0PIMwejpmuVHgfibHpfDwOdsbmB50wr21X71VnF5d7SsBF7WK+ZvP/SCcFm7Iwb9iiYSap9rlrdhToNAWdxg==",
                    "dev": true
                }
            }
        },
        "@types/node": {
            "version": "18.16.16",
            "resolved": "https://registry.npmjs.org/@types/node/-/node-18.16.16.tgz",
            "integrity": "sha512-NpaM49IGQQAUlBhHMF82QH80J08os4ZmyF9MkpCzWAGuOHqE4gTEbhzd7L3l5LmWuZ6E0OiC1FweQ4tsiW35+g==",
            "dev": true
        },
        "adm-zip": {
            "version": "0.5.10",
            "resolved": "https://registry.npmjs.org/adm-zip/-/adm-zip-0.5.10.tgz",
            "integrity": "sha512-x0HvcHqVJNTPk/Bw8JbLWlWoo6Wwnsug0fnYYro1HBrjxZ3G7/AZk7Ahv8JwDe1uIcz8eBqvu86FuF1POiG7vQ=="
        },
        "long": {
            "version": "4.0.0",
            "resolved": "https://registry.npmjs.org/long/-/long-4.0.0.tgz",
            "integrity": "sha512-XsP+KhQif4bjX1kbuSiySJFNAehNxgLb6hPRGJ9QsUr8ajHkuXGdrHmFUTUUXhDwVX2R5bY4JNZEwbUiMhV+MA=="
        },
        "python-struct": {
            "version": "1.1.3",
            "resolved": "https://registry.npmjs.org/python-struct/-/python-struct-1.1.3.tgz",
            "integrity": "sha512-UsI/mNvk25jRpGKYI38Nfbv84z48oiIWwG67DLVvjRhy8B/0aIK+5Ju5WOHgw/o9rnEmbAS00v4rgKFQeC332Q==",
            "requires": {
                "long": "^4.0.0"
            }
        },
        "switcher-js2": {
            "version": "1.6.3",
            "resolved": "https://registry.npmjs.org/switcher-js2/-/switcher-js2-1.6.3.tgz",
            "integrity": "sha512-9kUBtGgiDlhleUgPFtJ0f4hR60V7Sk7FGqCHWVy6UxHc3TOnUmAnM01xwM6g+apsXHYl5cHLNi59RD/BQL1hNw==",
            "requires": {
                "adm-zip": "^0.5.9",
                "python-struct": "^1.1.2"
            }
        },
        "typescript": {
            "version": "4.9.5",
            "resolved": "https://registry.npmjs.org/typescript/-/typescript-4.9.5.tgz",
            "integrity": "sha512-1FXk9E2Hm+QzZQ7z+McJiHL4NW1F2EzMu9Nq9i3zAaGqibafqYwCVU6WyWAuyQRRzOlxou8xZSyXLEN8oKj24g==",
            "dev": true
        }
    }
}
